
Microsoft Visual Studio Solution File, Format Version 12.00
# Visual Studio Version 17
VisualStudioVersion = 17.5.002.0
MinimumVisualStudioVersion = 10.0.40219.1
Project("{9A19103F-16F7-4668-BE54-9A1E7A4F7556}") = "folder", "folder.csproj", "{9CA68398-F3EE-42F0-82F1-B6FE44D96390}"
EndProject
Global
	GlobalSection(SolutionConfigurationPlatforms) = preSolution
		Debug|Any CPU = Debug|Any CPU
		Release|Any CPU = Release|Any CPU
	EndGlobalSection
	GlobalSection(ProjectConfigurationPlatforms) = postSolution
		{9CA68398-F3EE-42F0-82F1-B6FE44D96390}.Debug|Any CPU.ActiveCfg = Debug|Any CPU
		{9CA68398-F3EE-42F0-82F1-B6FE44D96390}.Debug|Any CPU.Build.0 = Debug|Any CPU
		{9CA68398-F3EE-42F0-82F1-B6FE44D96390}.Release|Any CPU.ActiveCfg = Release|Any CPU
		{9CA68398-F3EE-42F0-82F1-B6FE44D96390}.Release|Any CPU.Build.0 = Release|Any CPU
	EndGlobalSection
	GlobalSection(SolutionProperties) = preSolution
		HideSolutionNode = FALSE
	EndGlobalSection
	GlobalSection(ExtensibilityGlobals) = postSolution
		SolutionGuid = {725A6350-3569-49F2-9BEE-749E756EE29B}
	EndGlobalSection
EndGlobal
